{
  "name": "lec5",
  "version": "1.0.0",
  "lockfileVersion": 3,
  "requires": true,
  "packages": {
    "": {
      "name": "lec5",
      "version": "1.0.0",
      "license": "ISC",
      "dependencies": {
        "ritishhhh124345": "^1.0.2",
        "ritishhhh1243456": "^1.0.4"
      }
    },
    "node_modules/ritishhhh124345": {
      "version": "1.0.2",
      "resolved": "https://registry.npmjs.org/ritishhhh124345/-/ritishhhh124345-1.0.2.tgz",
      "integrity": "sha512-nfC/mdOIwMWTL2tvhnxvxwx46kVKEsmdBGTwPHNJwbJAwuHAya74Q2QtIdMxI1Ajc4DQXxpU9+5nFGHQs4FUmQ==",
      "license": "ISC"
    },
    "node_modules/ritishhhh1243456": {
      "version": "1.0.4",
      "resolved": "https://registry.npmjs.org/ritishhhh1243456/-/ritishhhh1243456-1.0.4.tgz",
      "integrity": "sha512-68yTHNOkp2sr1rulMs6yjogeC8X7CmI6YNumxlsMSxBEfn948RDqE2OI7XVv5JJAjmvf29ZOALugJ9SF8GZheQ==",
      "license": "ISC"
    }
  }
}
